
Microsoft Visual Studio Solution File, Format Version 12.00
# Visual Studio 15
VisualStudioVersion = 15.0.28307.421
MinimumVisualStudioVersion = 10.0.40219.1
Project("{F184B08F-C81C-45F6-A57F-5ABD9991F28F}") = "CalendarificFetch", "CalendarificFetch.vbproj", "{ED4EF60D-36A5-4A9F-B731-840E71FD315C}"
EndProject
Global
	GlobalSection(SolutionConfigurationPlatforms) = preSolution
		Debug|Any CPU = Debug|Any CPU
		Release|Any CPU = Release|Any CPU
	EndGlobalSection
	GlobalSection(ProjectConfigurationPlatforms) = postSolution
		{ED4EF60D-36A5-4A9F-B731-840E71FD315C}.Debug|Any CPU.ActiveCfg = Debug|Any CPU
		{ED4EF60D-36A5-4A9F-B731-840E71FD315C}.Debug|Any CPU.Build.0 = Debug|Any CPU
		{ED4EF60D-36A5-4A9F-B731-840E71FD315C}.Release|Any CPU.ActiveCfg = Release|Any CPU
		{ED4EF60D-36A5-4A9F-B731-840E71FD315C}.Release|Any CPU.Build.0 = Release|Any CPU
	EndGlobalSection
	GlobalSection(SolutionProperties) = preSolution
		HideSolutionNode = FALSE
	EndGlobalSection
	GlobalSection(ExtensibilityGlobals) = postSolution
		SolutionGuid = {8289CDFF-6B35-435C-944C-55ABB6DA1F7E}
	EndGlobalSection
EndGlobal
